// !$*UTF8*$!
{
	archiveVersion = 1;
	classes = {
	};
	objectVersion = 46;
	objects = {

/* Begin PBXBuildFile section */
		0B01D3AD159935E500075572 /* CHYammerDefinition.m in Sources */ = {isa = PBXBuildFile; fileRef = 0B01D3AC159935E500075572 /* CHYammerDefinition.m */; };
		0B77A5B415AA8D8B00299AEF /* libLROAuth2Client.a in Frameworks */ = {isa = PBXBuildFile; fileRef = 0B77A5B115AA8CDA00299AEF /* libLROAuth2Client.a */; };
		0B77A5B715AA920600299AEF /* MainStoryboard.storyboard in Resources */ = {isa = PBXBuildFile; fileRef = 0B77A5B615AA920600299AEF /* MainStoryboard.storyboard */; };
		0BDA6126159D754300CED455 /* NSMutableURLRequest+Parameters.m in Sources */ = {isa = PBXBuildFile; fileRef = 0BDA60FE159D754300CED455 /* NSMutableURLRequest+Parameters.m */; };
		0BDA6127159D754300CED455 /* NSString+URLEncoding.m in Sources */ = {isa = PBXBuildFile; fileRef = 0BDA6100159D754300CED455 /* NSString+URLEncoding.m */; };
		0BDA6128159D754300CED455 /* NSURL+Base.m in Sources */ = {isa = PBXBuildFile; fileRef = 0BDA6102159D754300CED455 /* NSURL+Base.m */; };
		0BDA6129159D754300CED455 /* Base64Transcoder.c in Sources */ = {isa = PBXBuildFile; fileRef = 0BDA6104159D754300CED455 /* Base64Transcoder.c */; };
		0BDA612A159D754300CED455 /* hmac.c in Sources */ = {isa = PBXBuildFile; fileRef = 0BDA6106159D754300CED455 /* hmac.c */; };
		0BDA612B159D754300CED455 /* sha1.c in Sources */ = {isa = PBXBuildFile; fileRef = 0BDA6108159D754300CED455 /* sha1.c */; };
		0BDA612C159D754300CED455 /* OAAttachment.m in Sources */ = {isa = PBXBuildFile; fileRef = 0BDA610B159D754300CED455 /* OAAttachment.m */; };
		0BDA612D159D754300CED455 /* OACall.m in Sources */ = {isa = PBXBuildFile; fileRef = 0BDA610D159D754300CED455 /* OACall.m */; };
		0BDA612E159D754300CED455 /* OAConsumer.m in Sources */ = {isa = PBXBuildFile; fileRef = 0BDA610F159D754300CED455 /* OAConsumer.m */; };
		0BDA612F159D754300CED455 /* OADataFetcher.m in Sources */ = {isa = PBXBuildFile; fileRef = 0BDA6111159D754300CED455 /* OADataFetcher.m */; };
		0BDA6130159D754300CED455 /* OAHMAC_SHA1SignatureProvider.m in Sources */ = {isa = PBXBuildFile; fileRef = 0BDA6113159D754300CED455 /* OAHMAC_SHA1SignatureProvider.m */; };
		0BDA6131159D754300CED455 /* OAMutableURLRequest.m in Sources */ = {isa = PBXBuildFile; fileRef = 0BDA6115159D754300CED455 /* OAMutableURLRequest.m */; };
		0BDA6132159D754300CED455 /* OAPlaintextSignatureProvider.m in Sources */ = {isa = PBXBuildFile; fileRef = 0BDA6117159D754300CED455 /* OAPlaintextSignatureProvider.m */; };
		0BDA6133159D754300CED455 /* OAProblem.m in Sources */ = {isa = PBXBuildFile; fileRef = 0BDA6119159D754300CED455 /* OAProblem.m */; };
		0BDA6134159D754300CED455 /* OARequestParameter.m in Sources */ = {isa = PBXBuildFile; fileRef = 0BDA611B159D754300CED455 /* OARequestParameter.m */; };
		0BDA6135159D754300CED455 /* OAServiceTicket.m in Sources */ = {isa = PBXBuildFile; fileRef = 0BDA611D159D754300CED455 /* OAServiceTicket.m */; };
		0BDA6136159D754300CED455 /* OATestServer.rb in Resources */ = {isa = PBXBuildFile; fileRef = 0BDA611F159D754300CED455 /* OATestServer.rb */; };
		0BDA6137159D754300CED455 /* OAToken.m in Sources */ = {isa = PBXBuildFile; fileRef = 0BDA6121159D754300CED455 /* OAToken.m */; };
		0BDA6138159D754300CED455 /* OATokenManager.m in Sources */ = {isa = PBXBuildFile; fileRef = 0BDA6123159D754300CED455 /* OATokenManager.m */; };
		0BDA6139159D754300CED455 /* README in Resources */ = {isa = PBXBuildFile; fileRef = 0BDA6125159D754300CED455 /* README */; };
		953E585A157EADDD00DB9CBD /* UIKit.framework in Frameworks */ = {isa = PBXBuildFile; fileRef = 953E5859157EADDD00DB9CBD /* UIKit.framework */; };
		953E585C157EADDD00DB9CBD /* Foundation.framework in Frameworks */ = {isa = PBXBuildFile; fileRef = 953E585B157EADDD00DB9CBD /* Foundation.framework */; };
		953E585E157EADDD00DB9CBD /* CoreGraphics.framework in Frameworks */ = {isa = PBXBuildFile; fileRef = 953E585D157EADDD00DB9CBD /* CoreGraphics.framework */; };
		9585F26415825EA200454EC8 /* CHAppDelegate.m in Sources */ = {isa = PBXBuildFile; fileRef = 9585F24915825EA200454EC8 /* CHAppDelegate.m */; };
		9585F26A15825EA200454EC8 /* CHViewController.m in Sources */ = {isa = PBXBuildFile; fileRef = 9585F25715825EA200454EC8 /* CHViewController.m */; };
		9585F26E15825EA200454EC8 /* CHFacebookDefinition.m in Sources */ = {isa = PBXBuildFile; fileRef = 9585F25F15825EA200454EC8 /* CHFacebookDefinition.m */; };
		9585F26F15825EA200454EC8 /* CHInstagramDefinition.m in Sources */ = {isa = PBXBuildFile; fileRef = 9585F26115825EA200454EC8 /* CHInstagramDefinition.m */; };
		9585F27015825EA200454EC8 /* CHTwitterDefinition.m in Sources */ = {isa = PBXBuildFile; fileRef = 9585F26315825EA200454EC8 /* CHTwitterDefinition.m */; };
		9585F27D15825EBE00454EC8 /* main.m in Sources */ = {isa = PBXBuildFile; fileRef = 9585F27915825EBE00454EC8 /* main.m */; };
		9585F28615825F3100454EC8 /* CHOAuthClient.m in Sources */ = {isa = PBXBuildFile; fileRef = 9585F28015825F3100454EC8 /* CHOAuthClient.m */; };
		9585F28715825F3100454EC8 /* CHOAuthViewController.m in Sources */ = {isa = PBXBuildFile; fileRef = 9585F28415825F3100454EC8 /* CHOAuthViewController.m */; };
		9585F28815825F3100454EC8 /* CHOAuthViewController.xib in Resources */ = {isa = PBXBuildFile; fileRef = 9585F28515825F3100454EC8 /* CHOAuthViewController.xib */; };
		9585F2B6158260BA00454EC8 /* InfoPlist.strings in Resources */ = {isa = PBXBuildFile; fileRef = 9585F25815825EA200454EC8 /* InfoPlist.strings */; };
		9585F2BA158260F800454EC8 /* InfoPlist.strings in Resources */ = {isa = PBXBuildFile; fileRef = 9585F2B8158260F800454EC8 /* InfoPlist.strings */; };
		9585F2BD15829FBB00454EC8 /* CHGoogleDefinition.m in Sources */ = {isa = PBXBuildFile; fileRef = 9585F2BC15829FBB00454EC8 /* CHGoogleDefinition.m */; };
/* End PBXBuildFile section */

/* Begin PBXContainerItemProxy section */
		0B64BF5A159D7893004E4840 /* PBXContainerItemProxy */ = {
			isa = PBXContainerItemProxy;
			containerPortal = 0BDA60EF159D750600CED455 /* LROAuth2Client.xcodeproj */;
			proxyType = 1;
			remoteGlobalIDString = A3289EB3122D758F00D89A88;
			remoteInfo = LROAuth2Client;
		};
		0B77A5B015AA8CDA00299AEF /* PBXContainerItemProxy */ = {
			isa = PBXContainerItemProxy;
			containerPortal = 0BDA60EF159D750600CED455 /* LROAuth2Client.xcodeproj */;
			proxyType = 2;
			remoteGlobalIDString = A3289EC3122D758F00D89A88;
			remoteInfo = LROAuth2Client;
		};
/* End PBXContainerItemProxy section */

/* Begin PBXFileReference section */
		0B01D3AB159935E500075572 /* CHYammerDefinition.h */ = {isa = PBXFileReference; fileEncoding = 4; lastKnownFileType = sourcecode.c.h; path = CHYammerDefinition.h; sourceTree = "<group>"; };
		0B01D3AC159935E500075572 /* CHYammerDefinition.m */ = {isa = PBXFileReference; fileEncoding = 4; lastKnownFileType = sourcecode.c.objc; path = CHYammerDefinition.m; sourceTree = "<group>"; };
		0B77A5B615AA920600299AEF /* MainStoryboard.storyboard */ = {isa = PBXFileReference; fileEncoding = 4; lastKnownFileType = file.storyboard; path = MainStoryboard.storyboard; sourceTree = "<group>"; };
		0BDA60EF159D750600CED455 /* LROAuth2Client.xcodeproj */ = {isa = PBXFileReference; lastKnownFileType = "wrapper.pb-project"; name = LROAuth2Client.xcodeproj; path = Vendor/LROAuth2Client/LROAuth2Client.xcodeproj; sourceTree = "<group>"; };
		0BDA60FD159D754300CED455 /* NSMutableURLRequest+Parameters.h */ = {isa = PBXFileReference; fileEncoding = 4; lastKnownFileType = sourcecode.c.h; path = "NSMutableURLRequest+Parameters.h"; sourceTree = "<group>"; };
		0BDA60FE159D754300CED455 /* NSMutableURLRequest+Parameters.m */ = {isa = PBXFileReference; fileEncoding = 4; lastKnownFileType = sourcecode.c.objc; path = "NSMutableURLRequest+Parameters.m"; sourceTree = "<group>"; };
		0BDA60FF159D754300CED455 /* NSString+URLEncoding.h */ = {isa = PBXFileReference; fileEncoding = 4; lastKnownFileType = sourcecode.c.h; path = "NSString+URLEncoding.h"; sourceTree = "<group>"; };
		0BDA6100159D754300CED455 /* NSString+URLEncoding.m */ = {isa = PBXFileReference; fileEncoding = 4; lastKnownFileType = sourcecode.c.objc; path = "NSString+URLEncoding.m"; sourceTree = "<group>"; };
		0BDA6101159D754300CED455 /* NSURL+Base.h */ = {isa = PBXFileReference; fileEncoding = 4; lastKnownFileType = sourcecode.c.h; path = "NSURL+Base.h"; sourceTree = "<group>"; };
		0BDA6102159D754300CED455 /* NSURL+Base.m */ = {isa = PBXFileReference; fileEncoding = 4; lastKnownFileType = sourcecode.c.objc; path = "NSURL+Base.m"; sourceTree = "<group>"; };
		0BDA6104159D754300CED455 /* Base64Transcoder.c */ = {isa = PBXFileReference; fileEncoding = 4; lastKnownFileType = sourcecode.c.c; path = Base64Transcoder.c; sourceTree = "<group>"; };
		0BDA6105159D754300CED455 /* Base64Transcoder.h */ = {isa = PBXFileReference; fileEncoding = 4; lastKnownFileType = sourcecode.c.h; path = Base64Transcoder.h; sourceTree = "<group>"; };
		0BDA6106159D754300CED455 /* hmac.c */ = {isa = PBXFileReference; fileEncoding = 4; lastKnownFileType = sourcecode.c.c; path = hmac.c; sourceTree = "<group>"; };
		0BDA6107159D754300CED455 /* hmac.h */ = {isa = PBXFileReference; fileEncoding = 4; lastKnownFileType = sourcecode.c.h; path = hmac.h; sourceTree = "<group>"; };
		0BDA6108159D754300CED455 /* sha1.c */ = {isa = PBXFileReference; fileEncoding = 4; lastKnownFileType = sourcecode.c.c; path = sha1.c; sourceTree = "<group>"; };
		0BDA6109159D754300CED455 /* sha1.h */ = {isa = PBXFileReference; fileEncoding = 4; lastKnownFileType = sourcecode.c.h; path = sha1.h; sourceTree = "<group>"; };
		0BDA610A159D754300CED455 /* OAAttachment.h */ = {isa = PBXFileReference; fileEncoding = 4; lastKnownFileType = sourcecode.c.h; path = OAAttachment.h; sourceTree = "<group>"; };
		0BDA610B159D754300CED455 /* OAAttachment.m */ = {isa = PBXFileReference; fileEncoding = 4; lastKnownFileType = sourcecode.c.objc; path = OAAttachment.m; sourceTree = "<group>"; };
		0BDA610C159D754300CED455 /* OACall.h */ = {isa = PBXFileReference; fileEncoding = 4; lastKnownFileType = sourcecode.c.h; path = OACall.h; sourceTree = "<group>"; };
		0BDA610D159D754300CED455 /* OACall.m */ = {isa = PBXFileReference; fileEncoding = 4; lastKnownFileType = sourcecode.c.objc; path = OACall.m; sourceTree = "<group>"; };
		0BDA610E159D754300CED455 /* OAConsumer.h */ = {isa = PBXFileReference; fileEncoding = 4; lastKnownFileType = sourcecode.c.h; path = OAConsumer.h; sourceTree = "<group>"; };
		0BDA610F159D754300CED455 /* OAConsumer.m */ = {isa = PBXFileReference; fileEncoding = 4; lastKnownFileType = sourcecode.c.objc; path = OAConsumer.m; sourceTree = "<group>"; };
		0BDA6110159D754300CED455 /* OADataFetcher.h */ = {isa = PBXFileReference; fileEncoding = 4; lastKnownFileType = sourcecode.c.h; path = OADataFetcher.h; sourceTree = "<group>"; };
		0BDA6111159D754300CED455 /* OADataFetcher.m */ = {isa = PBXFileReference; fileEncoding = 4; lastKnownFileType = sourcecode.c.objc; path = OADataFetcher.m; sourceTree = "<group>"; };
		0BDA6112159D754300CED455 /* OAHMAC_SHA1SignatureProvider.h */ = {isa = PBXFileReference; fileEncoding = 4; lastKnownFileType = sourcecode.c.h; path = OAHMAC_SHA1SignatureProvider.h; sourceTree = "<group>"; };
		0BDA6113159D754300CED455 /* OAHMAC_SHA1SignatureProvider.m */ = {isa = PBXFileReference; fileEncoding = 4; lastKnownFileType = sourcecode.c.objc; path = OAHMAC_SHA1SignatureProvider.m; sourceTree = "<group>"; };
		0BDA6114159D754300CED455 /* OAMutableURLRequest.h */ = {isa = PBXFileReference; fileEncoding = 4; lastKnownFileType = sourcecode.c.h; path = OAMutableURLRequest.h; sourceTree = "<group>"; };
		0BDA6115159D754300CED455 /* OAMutableURLRequest.m */ = {isa = PBXFileReference; fileEncoding = 4; lastKnownFileType = sourcecode.c.objc; path = OAMutableURLRequest.m; sourceTree = "<group>"; };
		0BDA6116159D754300CED455 /* OAPlaintextSignatureProvider.h */ = {isa = PBXFileReference; fileEncoding = 4; lastKnownFileType = sourcecode.c.h; path = OAPlaintextSignatureProvider.h; sourceTree = "<group>"; };
		0BDA6117159D754300CED455 /* OAPlaintextSignatureProvider.m */ = {isa = PBXFileReference; fileEncoding = 4; lastKnownFileType = sourcecode.c.objc; path = OAPlaintextSignatureProvider.m; sourceTree = "<group>"; };
		0BDA6118159D754300CED455 /* OAProblem.h */ = {isa = PBXFileReference; fileEncoding = 4; lastKnownFileType = sourcecode.c.h; path = OAProblem.h; sourceTree = "<group>"; };
		0BDA6119159D754300CED455 /* OAProblem.m */ = {isa = PBXFileReference; fileEncoding = 4; lastKnownFileType = sourcecode.c.objc; path = OAProblem.m; sourceTree = "<group>"; };
		0BDA611A159D754300CED455 /* OARequestParameter.h */ = {isa = PBXFileReference; fileEncoding = 4; lastKnownFileType = sourcecode.c.h; path = OARequestParameter.h; sourceTree = "<group>"; };
		0BDA611B159D754300CED455 /* OARequestParameter.m */ = {isa = PBXFileReference; fileEncoding = 4; lastKnownFileType = sourcecode.c.objc; path = OARequestParameter.m; sourceTree = "<group>"; };
		0BDA611C159D754300CED455 /* OAServiceTicket.h */ = {isa = PBXFileReference; fileEncoding = 4; lastKnownFileType = sourcecode.c.h; path = OAServiceTicket.h; sourceTree = "<group>"; };
		0BDA611D159D754300CED455 /* OAServiceTicket.m */ = {isa = PBXFileReference; fileEncoding = 4; lastKnownFileType = sourcecode.c.objc; path = OAServiceTicket.m; sourceTree = "<group>"; };
		0BDA611E159D754300CED455 /* OASignatureProviding.h */ = {isa = PBXFileReference; fileEncoding = 4; lastKnownFileType = sourcecode.c.h; path = OASignatureProviding.h; sourceTree = "<group>"; };
		0BDA611F159D754300CED455 /* OATestServer.rb */ = {isa = PBXFileReference; fileEncoding = 4; lastKnownFileType = text.script.ruby; path = OATestServer.rb; sourceTree = "<group>"; };
		0BDA6120159D754300CED455 /* OAToken.h */ = {isa = PBXFileReference; fileEncoding = 4; lastKnownFileType = sourcecode.c.h; path = OAToken.h; sourceTree = "<group>"; };
		0BDA6121159D754300CED455 /* OAToken.m */ = {isa = PBXFileReference; fileEncoding = 4; lastKnownFileType = sourcecode.c.objc; path = OAToken.m; sourceTree = "<group>"; };
		0BDA6122159D754300CED455 /* OATokenManager.h */ = {isa = PBXFileReference; fileEncoding = 4; lastKnownFileType = sourcecode.c.h; path = OATokenManager.h; sourceTree = "<group>"; };
		0BDA6123159D754300CED455 /* OATokenManager.m */ = {isa = PBXFileReference; fileEncoding = 4; lastKnownFileType = sourcecode.c.objc; path = OATokenManager.m; sourceTree = "<group>"; };
		0BDA6124159D754300CED455 /* OAuthConsumer.h */ = {isa = PBXFileReference; fileEncoding = 4; lastKnownFileType = sourcecode.c.h; path = OAuthConsumer.h; sourceTree = "<group>"; };
		0BDA6125159D754300CED455 /* README */ = {isa = PBXFileReference; fileEncoding = 4; lastKnownFileType = text; path = README; sourceTree = "<group>"; };
		953E5855157EADDD00DB9CBD /* CHOAuthViewController.app */ = {isa = PBXFileReference; explicitFileType = wrapper.application; includeInIndex = 0; path = CHOAuthViewController.app; sourceTree = BUILT_PRODUCTS_DIR; };
		953E5859157EADDD00DB9CBD /* UIKit.framework */ = {isa = PBXFileReference; lastKnownFileType = wrapper.framework; name = UIKit.framework; path = System/Library/Frameworks/UIKit.framework; sourceTree = SDKROOT; };
		953E585B157EADDD00DB9CBD /* Foundation.framework */ = {isa = PBXFileReference; lastKnownFileType = wrapper.framework; name = Foundation.framework; path = System/Library/Frameworks/Foundation.framework; sourceTree = SDKROOT; };
		953E585D157EADDD00DB9CBD /* CoreGraphics.framework */ = {isa = PBXFileReference; lastKnownFileType = wrapper.framework; name = CoreGraphics.framework; path = System/Library/Frameworks/CoreGraphics.framework; sourceTree = SDKROOT; };
		9585F24815825EA200454EC8 /* CHAppDelegate.h */ = {isa = PBXFileReference; fileEncoding = 4; lastKnownFileType = sourcecode.c.h; path = CHAppDelegate.h; sourceTree = "<group>"; };
		9585F24915825EA200454EC8 /* CHAppDelegate.m */ = {isa = PBXFileReference; fileEncoding = 4; lastKnownFileType = sourcecode.c.objc; path = CHAppDelegate.m; sourceTree = "<group>"; };
		9585F25615825EA200454EC8 /* CHViewController.h */ = {isa = PBXFileReference; fileEncoding = 4; lastKnownFileType = sourcecode.c.h; path = CHViewController.h; sourceTree = "<group>"; };
		9585F25715825EA200454EC8 /* CHViewController.m */ = {isa = PBXFileReference; fileEncoding = 4; lastKnownFileType = sourcecode.c.objc; path = CHViewController.m; sourceTree = "<group>"; };
		9585F25E15825EA200454EC8 /* CHFacebookDefinition.h */ = {isa = PBXFileReference; fileEncoding = 4; lastKnownFileType = sourcecode.c.h; path = CHFacebookDefinition.h; sourceTree = "<group>"; };
		9585F25F15825EA200454EC8 /* CHFacebookDefinition.m */ = {isa = PBXFileReference; fileEncoding = 4; lastKnownFileType = sourcecode.c.objc; path = CHFacebookDefinition.m; sourceTree = "<group>"; };
		9585F26015825EA200454EC8 /* CHInstagramDefinition.h */ = {isa = PBXFileReference; fileEncoding = 4; lastKnownFileType = sourcecode.c.h; path = CHInstagramDefinition.h; sourceTree = "<group>"; };
		9585F26115825EA200454EC8 /* CHInstagramDefinition.m */ = {isa = PBXFileReference; fileEncoding = 4; lastKnownFileType = sourcecode.c.objc; path = CHInstagramDefinition.m; sourceTree = "<group>"; };
		9585F26215825EA200454EC8 /* CHTwitterDefinition.h */ = {isa = PBXFileReference; fileEncoding = 4; lastKnownFileType = sourcecode.c.h; path = CHTwitterDefinition.h; sourceTree = "<group>"; };
		9585F26315825EA200454EC8 /* CHTwitterDefinition.m */ = {isa = PBXFileReference; fileEncoding = 4; lastKnownFileType = sourcecode.c.objc; path = CHTwitterDefinition.m; sourceTree = "<group>"; };
		9585F27215825EBE00454EC8 /* CHOAuthViewController-Info.plist */ = {isa = PBXFileReference; fileEncoding = 4; lastKnownFileType = text.plist.xml; name = "CHOAuthViewController-Info.plist"; path = "CHOAuthViewController/CHOAuthViewController-Info.plist"; sourceTree = SOURCE_ROOT; };
		9585F27315825EBE00454EC8 /* CHOAuthViewController-Prefix.pch */ = {isa = PBXFileReference; fileEncoding = 4; lastKnownFileType = sourcecode.c.h; name = "CHOAuthViewController-Prefix.pch"; path = "CHOAuthViewController/CHOAuthViewController-Prefix.pch"; sourceTree = SOURCE_ROOT; };
		9585F27915825EBE00454EC8 /* main.m */ = {isa = PBXFileReference; fileEncoding = 4; lastKnownFileType = sourcecode.c.objc; name = main.m; path = CHOAuthViewController/main.m; sourceTree = SOURCE_ROOT; };
		9585F27F15825F3100454EC8 /* CHOAuthClient.h */ = {isa = PBXFileReference; fileEncoding = 4; lastKnownFileType = sourcecode.c.h; path = CHOAuthClient.h; sourceTree = "<group>"; };
		9585F28015825F3100454EC8 /* CHOAuthClient.m */ = {isa = PBXFileReference; fileEncoding = 4; lastKnownFileType = sourcecode.c.objc; path = CHOAuthClient.m; sourceTree = "<group>"; };
		9585F28115825F3100454EC8 /* CHOAuthClientDelegate.h */ = {isa = PBXFileReference; fileEncoding = 4; lastKnownFileType = sourcecode.c.h; path = CHOAuthClientDelegate.h; sourceTree = "<group>"; };
		9585F28215825F3100454EC8 /* CHOAuthServiceDefinition.h */ = {isa = PBXFileReference; fileEncoding = 4; lastKnownFileType = sourcecode.c.h; name = CHOAuthServiceDefinition.h; path = ../CHOAuthViewController/CHOAuthServiceDefinition.h; sourceTree = "<group>"; };
		9585F28315825F3100454EC8 /* CHOAuthViewController.h */ = {isa = PBXFileReference; fileEncoding = 4; lastKnownFileType = sourcecode.c.h; path = CHOAuthViewController.h; sourceTree = "<group>"; };
		9585F28415825F3100454EC8 /* CHOAuthViewController.m */ = {isa = PBXFileReference; fileEncoding = 4; lastKnownFileType = sourcecode.c.objc; path = CHOAuthViewController.m; sourceTree = "<group>"; };
		9585F28515825F3100454EC8 /* CHOAuthViewController.xib */ = {isa = PBXFileReference; fileEncoding = 4; lastKnownFileType = file.xib; path = CHOAuthViewController.xib; sourceTree = "<group>"; };
		9585F2B9158260F800454EC8 /* en */ = {isa = PBXFileReference; lastKnownFileType = text.plist.strings; name = en; path = CHOAuthViewController/en.lproj/InfoPlist.strings; sourceTree = SOURCE_ROOT; };
		9585F2BB15829FBB00454EC8 /* CHGoogleDefinition.h */ = {isa = PBXFileReference; fileEncoding = 4; lastKnownFileType = sourcecode.c.h; path = CHGoogleDefinition.h; sourceTree = "<group>"; };
		9585F2BC15829FBB00454EC8 /* CHGoogleDefinition.m */ = {isa = PBXFileReference; fileEncoding = 4; lastKnownFileType = sourcecode.c.objc; path = CHGoogleDefinition.m; sourceTree = "<group>"; };
/* End PBXFileReference section */

/* Begin PBXFrameworksBuildPhase section */
		953E5852157EADDD00DB9CBD /* Frameworks */ = {
			isa = PBXFrameworksBuildPhase;
			buildActionMask = 2147483647;
			files = (
				0B77A5B415AA8D8B00299AEF /* libLROAuth2Client.a in Frameworks */,
				953E585A157EADDD00DB9CBD /* UIKit.framework in Frameworks */,
				953E585C157EADDD00DB9CBD /* Foundation.framework in Frameworks */,
				953E585E157EADDD00DB9CBD /* CoreGraphics.framework in Frameworks */,
			);
			runOnlyForDeploymentPostprocessing = 0;
		};
/* End PBXFrameworksBuildPhase section */

/* Begin PBXGroup section */
		0B77A5B515AA8DE200299AEF /* Examples */ = {
			isa = PBXGroup;
			children = (
				0B77A5B615AA920600299AEF /* MainStoryboard.storyboard */,
				9585F24815825EA200454EC8 /* CHAppDelegate.h */,
				9585F24915825EA200454EC8 /* CHAppDelegate.m */,
				9585F25615825EA200454EC8 /* CHViewController.h */,
				9585F25715825EA200454EC8 /* CHViewController.m */,
			);
			name = Examples;
			path = examples;
			sourceTree = "<group>";
		};
		0BDA60F0159D750600CED455 /* Products */ = {
			isa = PBXGroup;
			children = (
				0B77A5B115AA8CDA00299AEF /* libLROAuth2Client.a */,
			);
			name = Products;
			sourceTree = "<group>";
		};
		0BDA60FB159D754300CED455 /* OAuthConsumer */ = {
			isa = PBXGroup;
			children = (
				0BDA60FC159D754300CED455 /* Categories */,
				0BDA6103159D754300CED455 /* Crypto */,
				0BDA610A159D754300CED455 /* OAAttachment.h */,
				0BDA610B159D754300CED455 /* OAAttachment.m */,
				0BDA610C159D754300CED455 /* OACall.h */,
				0BDA610D159D754300CED455 /* OACall.m */,
				0BDA610E159D754300CED455 /* OAConsumer.h */,
				0BDA610F159D754300CED455 /* OAConsumer.m */,
				0BDA6110159D754300CED455 /* OADataFetcher.h */,
				0BDA6111159D754300CED455 /* OADataFetcher.m */,
				0BDA6112159D754300CED455 /* OAHMAC_SHA1SignatureProvider.h */,
				0BDA6113159D754300CED455 /* OAHMAC_SHA1SignatureProvider.m */,
				0BDA6114159D754300CED455 /* OAMutableURLRequest.h */,
				0BDA6115159D754300CED455 /* OAMutableURLRequest.m */,
				0BDA6116159D754300CED455 /* OAPlaintextSignatureProvider.h */,
				0BDA6117159D754300CED455 /* OAPlaintextSignatureProvider.m */,
				0BDA6118159D754300CED455 /* OAProblem.h */,
				0BDA6119159D754300CED455 /* OAProblem.m */,
				0BDA611A159D754300CED455 /* OARequestParameter.h */,
				0BDA611B159D754300CED455 /* OARequestParameter.m */,
				0BDA611C159D754300CED455 /* OAServiceTicket.h */,
				0BDA611D159D754300CED455 /* OAServiceTicket.m */,
				0BDA611E159D754300CED455 /* OASignatureProviding.h */,
				0BDA611F159D754300CED455 /* OATestServer.rb */,
				0BDA6120159D754300CED455 /* OAToken.h */,
				0BDA6121159D754300CED455 /* OAToken.m */,
				0BDA6122159D754300CED455 /* OATokenManager.h */,
				0BDA6123159D754300CED455 /* OATokenManager.m */,
				0BDA6124159D754300CED455 /* OAuthConsumer.h */,
				0BDA6125159D754300CED455 /* README */,
			);
			name = OAuthConsumer;
			path = Vendor/OAuthConsumer;
			sourceTree = SOURCE_ROOT;
		};
		0BDA60FC159D754300CED455 /* Categories */ = {
			isa = PBXGroup;
			children = (
				0BDA60FD159D754300CED455 /* NSMutableURLRequest+Parameters.h */,
				0BDA60FE159D754300CED455 /* NSMutableURLRequest+Parameters.m */,
				0BDA60FF159D754300CED455 /* NSString+URLEncoding.h */,
				0BDA6100159D754300CED455 /* NSString+URLEncoding.m */,
				0BDA6101159D754300CED455 /* NSURL+Base.h */,
				0BDA6102159D754300CED455 /* NSURL+Base.m */,
			);
			path = Categories;
			sourceTree = "<group>";
		};
		0BDA6103159D754300CED455 /* Crypto */ = {
			isa = PBXGroup;
			children = (
				0BDA6104159D754300CED455 /* Base64Transcoder.c */,
				0BDA6105159D754300CED455 /* Base64Transcoder.h */,
				0BDA6106159D754300CED455 /* hmac.c */,
				0BDA6107159D754300CED455 /* hmac.h */,
				0BDA6108159D754300CED455 /* sha1.c */,
				0BDA6109159D754300CED455 /* sha1.h */,
			);
			path = Crypto;
			sourceTree = "<group>";
		};
		953E584A157EADDD00DB9CBD = {
			isa = PBXGroup;
			children = (
				0B77A5B515AA8DE200299AEF /* Examples */,
				0BDA60EF159D750600CED455 /* LROAuth2Client.xcodeproj */,
				9585F24715825EA200454EC8 /* Classes */,
				953E5858157EADDD00DB9CBD /* Frameworks */,
				953E5856157EADDD00DB9CBD /* Products */,
			);
			sourceTree = "<group>";
		};
		953E5856157EADDD00DB9CBD /* Products */ = {
			isa = PBXGroup;
			children = (
				953E5855157EADDD00DB9CBD /* CHOAuthViewController.app */,
			);
			name = Products;
			sourceTree = "<group>";
		};
		953E5858157EADDD00DB9CBD /* Frameworks */ = {
			isa = PBXGroup;
			children = (
				953E5859157EADDD00DB9CBD /* UIKit.framework */,
				953E585B157EADDD00DB9CBD /* Foundation.framework */,
				953E585D157EADDD00DB9CBD /* CoreGraphics.framework */,
			);
			name = Frameworks;
			sourceTree = "<group>";
		};
		953E5860157EADDD00DB9CBD /* Supporting Files */ = {
			isa = PBXGroup;
			children = (
				0BDA60FB159D754300CED455 /* OAuthConsumer */,
				9585F27215825EBE00454EC8 /* CHOAuthViewController-Info.plist */,
				9585F2B8158260F800454EC8 /* InfoPlist.strings */,
				9585F27915825EBE00454EC8 /* main.m */,
				9585F27315825EBE00454EC8 /* CHOAuthViewController-Prefix.pch */,
			);
			name = "Supporting Files";
			path = ../CHOAuth2WebViewController;
			sourceTree = "<group>";
		};
		9585F24715825EA200454EC8 /* Classes */ = {
			isa = PBXGroup;
			children = (
				9585F27E15825F3100454EC8 /* OAuth */,
				9585F25D15825EA200454EC8 /* Service Definitions */,
				953E5860157EADDD00DB9CBD /* Supporting Files */,
			);
			name = Classes;
			path = CHOAuthViewController;
			sourceTree = SOURCE_ROOT;
		};
		9585F25D15825EA200454EC8 /* Service Definitions */ = {
			isa = PBXGroup;
			children = (
				9585F28215825F3100454EC8 /* CHOAuthServiceDefinition.h */,
				9585F25E15825EA200454EC8 /* CHFacebookDefinition.h */,
				9585F25F15825EA200454EC8 /* CHFacebookDefinition.m */,
				9585F26015825EA200454EC8 /* CHInstagramDefinition.h */,
				9585F26115825EA200454EC8 /* CHInstagramDefinition.m */,
				9585F26215825EA200454EC8 /* CHTwitterDefinition.h */,
				9585F26315825EA200454EC8 /* CHTwitterDefinition.m */,
				9585F2BB15829FBB00454EC8 /* CHGoogleDefinition.h */,
				9585F2BC15829FBB00454EC8 /* CHGoogleDefinition.m */,
				0B01D3AB159935E500075572 /* CHYammerDefinition.h */,
				0B01D3AC159935E500075572 /* CHYammerDefinition.m */,
			);
			name = "Service Definitions";
			path = "Sample Service Definitions";
			sourceTree = "<group>";
		};
		9585F27E15825F3100454EC8 /* OAuth */ = {
			isa = PBXGroup;
			children = (
				9585F27F15825F3100454EC8 /* CHOAuthClient.h */,
				9585F28015825F3100454EC8 /* CHOAuthClient.m */,
				9585F28115825F3100454EC8 /* CHOAuthClientDelegate.h */,
				9585F28315825F3100454EC8 /* CHOAuthViewController.h */,
				9585F28415825F3100454EC8 /* CHOAuthViewController.m */,
				9585F28515825F3100454EC8 /* CHOAuthViewController.xib */,
			);
			name = OAuth;
			path = CHOAuthViewController;
			sourceTree = "<group>";
		};
/* End PBXGroup section */

/* Begin PBXNativeTarget section */
		953E5854157EADDD00DB9CBD /* CHOAuthViewController */ = {
			isa = PBXNativeTarget;
			buildConfigurationList = 953E5873157EADDD00DB9CBD /* Build configuration list for PBXNativeTarget "CHOAuthViewController" */;
			buildPhases = (
				953E5851157EADDD00DB9CBD /* Sources */,
				953E5852157EADDD00DB9CBD /* Frameworks */,
				953E5853157EADDD00DB9CBD /* Resources */,
			);
			buildRules = (
			);
			dependencies = (
				0B64BF5B159D7893004E4840 /* PBXTargetDependency */,
			);
			name = CHOAuthViewController;
			productName = CHOAuth2WebViewController;
			productReference = 953E5855157EADDD00DB9CBD /* CHOAuthViewController.app */;
			productType = "com.apple.product-type.application";
		};
/* End PBXNativeTarget section */

/* Begin PBXProject section */
		953E584C157EADDD00DB9CBD /* Project object */ = {
			isa = PBXProject;
			attributes = {
				CLASSPREFIX = CH;
				LastUpgradeCheck = 0430;
			};
			buildConfigurationList = 953E584F157EADDD00DB9CBD /* Build configuration list for PBXProject "CHOAuthViewController" */;
			compatibilityVersion = "Xcode 3.2";
			developmentRegion = English;
			hasScannedForEncodings = 0;
			knownRegions = (
				en,
			);
			mainGroup = 953E584A157EADDD00DB9CBD;
			productRefGroup = 953E5856157EADDD00DB9CBD /* Products */;
			projectDirPath = "";
			projectReferences = (
				{
					ProductGroup = 0BDA60F0159D750600CED455 /* Products */;
					ProjectRef = 0BDA60EF159D750600CED455 /* LROAuth2Client.xcodeproj */;
				},
			);
			projectRoot = "";
			targets = (
				953E5854157EADDD00DB9CBD /* CHOAuthViewController */,
			);
		};
/* End PBXProject section */

/* Begin PBXReferenceProxy section */
		0B77A5B115AA8CDA00299AEF /* libLROAuth2Client.a */ = {
			isa = PBXReferenceProxy;
			fileType = archive.ar;
			path = libLROAuth2Client.a;
			remoteRef = 0B77A5B015AA8CDA00299AEF /* PBXContainerItemProxy */;
			sourceTree = BUILT_PRODUCTS_DIR;
		};
/* End PBXReferenceProxy section */

/* Begin PBXResourcesBuildPhase section */
		953E5853157EADDD00DB9CBD /* Resources */ = {
			isa = PBXResourcesBuildPhase;
			buildActionMask = 2147483647;
			files = (
				9585F2B6158260BA00454EC8 /* InfoPlist.strings in Resources */,
				9585F28815825F3100454EC8 /* CHOAuthViewController.xib in Resources */,
				9585F2BA158260F800454EC8 /* InfoPlist.strings in Resources */,
				0BDA6136159D754300CED455 /* OATestServer.rb in Resources */,
				0BDA6139159D754300CED455 /* README in Resources */,
				0B77A5B715AA920600299AEF /* MainStoryboard.storyboard in Resources */,
			);
			runOnlyForDeploymentPostprocessing = 0;
		};
/* End PBXResourcesBuildPhase section */

/* Begin PBXSourcesBuildPhase section */
		953E5851157EADDD00DB9CBD /* Sources */ = {
			isa = PBXSourcesBuildPhase;
			buildActionMask = 2147483647;
			files = (
				9585F26415825EA200454EC8 /* CHAppDelegate.m in Sources */,
				9585F26A15825EA200454EC8 /* CHViewController.m in Sources */,
				9585F26E15825EA200454EC8 /* CHFacebookDefinition.m in Sources */,
				9585F26F15825EA200454EC8 /* CHInstagramDefinition.m in Sources */,
				9585F27015825EA200454EC8 /* CHTwitterDefinition.m in Sources */,
				9585F27D15825EBE00454EC8 /* main.m in Sources */,
				9585F28615825F3100454EC8 /* CHOAuthClient.m in Sources */,
				9585F28715825F3100454EC8 /* CHOAuthViewController.m in Sources */,
				9585F2BD15829FBB00454EC8 /* CHGoogleDefinition.m in Sources */,
				0B01D3AD159935E500075572 /* CHYammerDefinition.m in Sources */,
				0BDA6126159D754300CED455 /* NSMutableURLRequest+Parameters.m in Sources */,
				0BDA6127159D754300CED455 /* NSString+URLEncoding.m in Sources */,
				0BDA6128159D754300CED455 /* NSURL+Base.m in Sources */,
				0BDA6129159D754300CED455 /* Base64Transcoder.c in Sources */,
				0BDA612A159D754300CED455 /* hmac.c in Sources */,
				0BDA612B159D754300CED455 /* sha1.c in Sources */,
				0BDA612C159D754300CED455 /* OAAttachment.m in Sources */,
				0BDA612D159D754300CED455 /* OACall.m in Sources */,
				0BDA612E159D754300CED455 /* OAConsumer.m in Sources */,
				0BDA612F159D754300CED455 /* OADataFetcher.m in Sources */,
				0BDA6130159D754300CED455 /* OAHMAC_SHA1SignatureProvider.m in Sources */,
				0BDA6131159D754300CED455 /* OAMutableURLRequest.m in Sources */,
				0BDA6132159D754300CED455 /* OAPlaintextSignatureProvider.m in Sources */,
				0BDA6133159D754300CED455 /* OAProblem.m in Sources */,
				0BDA6134159D754300CED455 /* OARequestParameter.m in Sources */,
				0BDA6135159D754300CED455 /* OAServiceTicket.m in Sources */,
				0BDA6137159D754300CED455 /* OAToken.m in Sources */,
				0BDA6138159D754300CED455 /* OATokenManager.m in Sources */,
			);
			runOnlyForDeploymentPostprocessing = 0;
		};
/* End PBXSourcesBuildPhase section */

/* Begin PBXTargetDependency section */
		0B64BF5B159D7893004E4840 /* PBXTargetDependency */ = {
			isa = PBXTargetDependency;
			name = LROAuth2Client;
			targetProxy = 0B64BF5A159D7893004E4840 /* PBXContainerItemProxy */;
		};
/* End PBXTargetDependency section */

/* Begin PBXVariantGroup section */
		9585F25815825EA200454EC8 /* InfoPlist.strings */ = {
			isa = PBXVariantGroup;
			children = (
			);
			name = InfoPlist.strings;
			path = /Users/colinhumber/Sandbox/CHOAuthViewController/CHOAuthViewController;
			sourceTree = "<absolute>";
		};
		9585F2B8158260F800454EC8 /* InfoPlist.strings */ = {
			isa = PBXVariantGroup;
			children = (
				9585F2B9158260F800454EC8 /* en */,
			);
			name = InfoPlist.strings;
			sourceTree = "<group>";
		};
/* End PBXVariantGroup section */

/* Begin XCBuildConfiguration section */
		953E5871157EADDD00DB9CBD /* Debug */ = {
			isa = XCBuildConfiguration;
			buildSettings = {
				ALWAYS_SEARCH_USER_PATHS = NO;
				ARCHS = "$(ARCHS_STANDARD_32_BIT)";
				CLANG_ENABLE_OBJC_ARC = YES;
				"CODE_SIGN_IDENTITY[sdk=iphoneos*]" = "iPhone Developer";
				COPY_PHASE_STRIP = NO;
				GCC_C_LANGUAGE_STANDARD = gnu99;
				GCC_DYNAMIC_NO_PIC = NO;
				GCC_OPTIMIZATION_LEVEL = 0;
				GCC_PREPROCESSOR_DEFINITIONS = (
					"DEBUG=1",
					"$(inherited)",
				);
				GCC_SYMBOLS_PRIVATE_EXTERN = NO;
				GCC_VERSION = com.apple.compilers.llvm.clang.1_0;
				GCC_WARN_ABOUT_RETURN_TYPE = YES;
				GCC_WARN_UNINITIALIZED_AUTOS = YES;
				GCC_WARN_UNUSED_VARIABLE = YES;
				IPHONEOS_DEPLOYMENT_TARGET = 5.1;
				OTHER_LDFLAGS = "-ObjC";
				SDKROOT = iphoneos;
				TARGETED_DEVICE_FAMILY = 2;
			};
			name = Debug;
		};
		953E5872157EADDD00DB9CBD /* Release */ = {
			isa = XCBuildConfiguration;
			buildSettings = {
				ALWAYS_SEARCH_USER_PATHS = NO;
				ARCHS = "$(ARCHS_STANDARD_32_BIT)";
				CLANG_ENABLE_OBJC_ARC = YES;
				"CODE_SIGN_IDENTITY[sdk=iphoneos*]" = "iPhone Developer";
				COPY_PHASE_STRIP = YES;
				GCC_C_LANGUAGE_STANDARD = gnu99;
				GCC_VERSION = com.apple.compilers.llvm.clang.1_0;
				GCC_WARN_ABOUT_RETURN_TYPE = YES;
				GCC_WARN_UNINITIALIZED_AUTOS = YES;
				GCC_WARN_UNUSED_VARIABLE = YES;
				IPHONEOS_DEPLOYMENT_TARGET = 5.1;
				OTHER_CFLAGS = "-DNS_BLOCK_ASSERTIONS=1";
				OTHER_LDFLAGS = "-ObjC";
				SDKROOT = iphoneos;
				TARGETED_DEVICE_FAMILY = 2;
				VALIDATE_PRODUCT = YES;
			};
			name = Release;
		};
		953E5874157EADDD00DB9CBD /* Debug */ = {
			isa = XCBuildConfiguration;
			buildSettings = {
				GCC_PRECOMPILE_PREFIX_HEADER = YES;
				GCC_PREFIX_HEADER = "CHOAuthViewController/CHOAuthViewController-Prefix.pch";
				INFOPLIST_FILE = "CHOAuthViewController/CHOAuthViewController-Info.plist";
				PRODUCT_NAME = CHOAuthViewController;
				WRAPPER_EXTENSION = app;
			};
			name = Debug;
		};
		953E5875157EADDD00DB9CBD /* Release */ = {
			isa = XCBuildConfiguration;
			buildSettings = {
				GCC_PRECOMPILE_PREFIX_HEADER = YES;
				GCC_PREFIX_HEADER = "CHOAuthViewController/CHOAuthViewController-Prefix.pch";
				INFOPLIST_FILE = "CHOAuthViewController/CHOAuthViewController-Info.plist";
				PRODUCT_NAME = CHOAuthViewController;
				WRAPPER_EXTENSION = app;
			};
			name = Release;
		};
/* End XCBuildConfiguration section */

/* Begin XCConfigurationList section */
		953E584F157EADDD00DB9CBD /* Build configuration list for PBXProject "CHOAuthViewController" */ = {
			isa = XCConfigurationList;
			buildConfigurations = (
				953E5871157EADDD00DB9CBD /* Debug */,
				953E5872157EADDD00DB9CBD /* Release */,
			);
			defaultConfigurationIsVisible = 0;
			defaultConfigurationName = Release;
		};
		953E5873157EADDD00DB9CBD /* Build configuration list for PBXNativeTarget "CHOAuthViewController" */ = {
			isa = XCConfigurationList;
			buildConfigurations = (
				953E5874157EADDD00DB9CBD /* Debug */,
				953E5875157EADDD00DB9CBD /* Release */,
			);
			defaultConfigurationIsVisible = 0;
			defaultConfigurationName = Release;
		};
/* End XCConfigurationList section */
	};
	rootObject = 953E584C157EADDD00DB9CBD /* Project object */;
}
